
Microsoft Visual Studio Solution File, Format Version 12.00
# Visual Studio Version 17
VisualStudioVersion = 17.13.35825.156 d17.13
MinimumVisualStudioVersion = 10.0.40219.1
Project("{FAE04EC0-301F-11D3-BF4B-00C04F79EFBC}") = "Foody.EntityLayer", "Foody.EntityLayer\Foody.EntityLayer.csproj", "{38AEDA25-49A4-4117-9566-0AAB7918FAD1}"
EndProject
Global
	GlobalSection(SolutionConfigurationPlatforms) = preSolution
		Debug|Any CPU = Debug|Any CPU
		Release|Any CPU = Release|Any CPU
	EndGlobalSection
	GlobalSection(ProjectConfigurationPlatforms) = postSolution
		{38AEDA25-49A4-4117-9566-0AAB7918FAD1}.Debug|Any CPU.ActiveCfg = Debug|Any CPU
		{38AEDA25-49A4-4117-9566-0AAB7918FAD1}.Debug|Any CPU.Build.0 = Debug|Any CPU
		{38AEDA25-49A4-4117-9566-0AAB7918FAD1}.Release|Any CPU.ActiveCfg = Release|Any CPU
		{38AEDA25-49A4-4117-9566-0AAB7918FAD1}.Release|Any CPU.Build.0 = Release|Any CPU
	EndGlobalSection
	GlobalSection(SolutionProperties) = preSolution
		HideSolutionNode = FALSE
	EndGlobalSection
	GlobalSection(ExtensibilityGlobals) = postSolution
		SolutionGuid = {907D24AE-6CB7-4F4E-BF33-A44D26610682}
	EndGlobalSection
EndGlobal
